// !$*UTF8*$!
{
	archiveVersion = 1;
	classes = {
	};
	objectVersion = 50;
	objects = {

/* Begin PBXBuildFile section */
		A3A98815F874E778E42DF35F /* Pods_RedLight.framework in Frameworks */ = {isa = PBXBuildFile; fileRef = AE5214EF7470ABCBE8BD10B9 /* Pods_RedLight.framework */; };
		AE39CF2B2128CA2200136257 /* AppDelegate.swift in Sources */ = {isa = PBXBuildFile; fileRef = AE39CF2A2128CA2200136257 /* AppDelegate.swift */; };
		AE39CF322128CA2300136257 /* Assets.xcassets in Resources */ = {isa = PBXBuildFile; fileRef = AE39CF312128CA2300136257 /* Assets.xcassets */; };
		AE39CF352128CA2300136257 /* LaunchScreen.storyboard in Resources */ = {isa = PBXBuildFile; fileRef = AE39CF332128CA2300136257 /* LaunchScreen.storyboard */; };
		AE39CF3E2128EAF000136257 /* Tattooist.swift in Sources */ = {isa = PBXBuildFile; fileRef = AE39CF3D2128EAF000136257 /* Tattooist.swift */; };
		AE39CF53212905EA00136257 /* Onboard.storyboard in Resources */ = {isa = PBXBuildFile; fileRef = AE39CF52212905EA00136257 /* Onboard.storyboard */; };
		AE39CF55212905FB00136257 /* Login.storyboard in Resources */ = {isa = PBXBuildFile; fileRef = AE39CF54212905FB00136257 /* Login.storyboard */; };
		AE39CF572129060500136257 /* Home.storyboard in Resources */ = {isa = PBXBuildFile; fileRef = AE39CF562129060500136257 /* Home.storyboard */; };
		AE39CF592129061900136257 /* TattooistProfile.storyboard in Resources */ = {isa = PBXBuildFile; fileRef = AE39CF582129061900136257 /* TattooistProfile.storyboard */; };
		AE39CF5B2129062200136257 /* Chat.storyboard in Resources */ = {isa = PBXBuildFile; fileRef = AE39CF5A2129062200136257 /* Chat.storyboard */; };
		AE39CF5D2129069100136257 /* NetworkConnection.swift in Sources */ = {isa = PBXBuildFile; fileRef = AE39CF5C2129069100136257 /* NetworkConnection.swift */; };
		AE39CF5F212908AC00136257 /* Parser.swift in Sources */ = {isa = PBXBuildFile; fileRef = AE39CF5E212908AC00136257 /* Parser.swift */; };
		AE39CF61212909DE00136257 /* TattooistDetails.swift in Sources */ = {isa = PBXBuildFile; fileRef = AE39CF60212909DE00136257 /* TattooistDetails.swift */; };
/* End PBXBuildFile section */

/* Begin PBXFileReference section */
		3E6B1C05C01D472D8C425A3B /* Pods-RedLight.release.xcconfig */ = {isa = PBXFileReference; includeInIndex = 1; lastKnownFileType = text.xcconfig; name = "Pods-RedLight.release.xcconfig"; path = "Pods/Target Support Files/Pods-RedLight/Pods-RedLight.release.xcconfig"; sourceTree = "<group>"; };
		8C9A6996D9AAE2F178473C4F /* Pods-RedLight.debug.xcconfig */ = {isa = PBXFileReference; includeInIndex = 1; lastKnownFileType = text.xcconfig; name = "Pods-RedLight.debug.xcconfig"; path = "Pods/Target Support Files/Pods-RedLight/Pods-RedLight.debug.xcconfig"; sourceTree = "<group>"; };
		AE39CF272128CA2200136257 /* RedLight.app */ = {isa = PBXFileReference; explicitFileType = wrapper.application; includeInIndex = 0; path = RedLight.app; sourceTree = BUILT_PRODUCTS_DIR; };
		AE39CF2A2128CA2200136257 /* AppDelegate.swift */ = {isa = PBXFileReference; lastKnownFileType = sourcecode.swift; path = AppDelegate.swift; sourceTree = "<group>"; };
		AE39CF312128CA2300136257 /* Assets.xcassets */ = {isa = PBXFileReference; lastKnownFileType = folder.assetcatalog; path = Assets.xcassets; sourceTree = "<group>"; };
		AE39CF342128CA2300136257 /* Base */ = {isa = PBXFileReference; lastKnownFileType = file.storyboard; name = Base; path = Base.lproj/LaunchScreen.storyboard; sourceTree = "<group>"; };
		AE39CF362128CA2300136257 /* Info.plist */ = {isa = PBXFileReference; lastKnownFileType = text.plist.xml; path = Info.plist; sourceTree = "<group>"; };
		AE39CF3D2128EAF000136257 /* Tattooist.swift */ = {isa = PBXFileReference; lastKnownFileType = sourcecode.swift; path = Tattooist.swift; sourceTree = "<group>"; };
		AE39CF52212905EA00136257 /* Onboard.storyboard */ = {isa = PBXFileReference; lastKnownFileType = file.storyboard; path = Onboard.storyboard; sourceTree = "<group>"; };
		AE39CF54212905FB00136257 /* Login.storyboard */ = {isa = PBXFileReference; lastKnownFileType = file.storyboard; path = Login.storyboard; sourceTree = "<group>"; };
		AE39CF562129060500136257 /* Home.storyboard */ = {isa = PBXFileReference; lastKnownFileType = file.storyboard; path = Home.storyboard; sourceTree = "<group>"; };
		AE39CF582129061900136257 /* TattooistProfile.storyboard */ = {isa = PBXFileReference; lastKnownFileType = file.storyboard; path = TattooistProfile.storyboard; sourceTree = "<group>"; };
		AE39CF5A2129062200136257 /* Chat.storyboard */ = {isa = PBXFileReference; lastKnownFileType = file.storyboard; path = Chat.storyboard; sourceTree = "<group>"; };
		AE39CF5C2129069100136257 /* NetworkConnection.swift */ = {isa = PBXFileReference; lastKnownFileType = sourcecode.swift; path = NetworkConnection.swift; sourceTree = "<group>"; };
		AE39CF5E212908AC00136257 /* Parser.swift */ = {isa = PBXFileReference; lastKnownFileType = sourcecode.swift; path = Parser.swift; sourceTree = "<group>"; };
		AE39CF60212909DE00136257 /* TattooistDetails.swift */ = {isa = PBXFileReference; lastKnownFileType = sourcecode.swift; path = TattooistDetails.swift; sourceTree = "<group>"; };
		AE5214EF7470ABCBE8BD10B9 /* Pods_RedLight.framework */ = {isa = PBXFileReference; explicitFileType = wrapper.framework; includeInIndex = 0; path = Pods_RedLight.framework; sourceTree = BUILT_PRODUCTS_DIR; };
/* End PBXFileReference section */

/* Begin PBXFrameworksBuildPhase section */
		AE39CF242128CA2200136257 /* Frameworks */ = {
			isa = PBXFrameworksBuildPhase;
			buildActionMask = 2147483647;
			files = (
				A3A98815F874E778E42DF35F /* Pods_RedLight.framework in Frameworks */,
			);
			runOnlyForDeploymentPostprocessing = 0;
		};
/* End PBXFrameworksBuildPhase section */

/* Begin PBXGroup section */
		77314FD15903FF8467BF40F7 /* Frameworks */ = {
			isa = PBXGroup;
			children = (
				AE5214EF7470ABCBE8BD10B9 /* Pods_RedLight.framework */,
			);
			name = Frameworks;
			sourceTree = "<group>";
		};
		8FEE2877EB2797098FD8823B /* Pods */ = {
			isa = PBXGroup;
			children = (
				8C9A6996D9AAE2F178473C4F /* Pods-RedLight.debug.xcconfig */,
				3E6B1C05C01D472D8C425A3B /* Pods-RedLight.release.xcconfig */,
			);
			name = Pods;
			sourceTree = "<group>";
		};
		AE39CF1E2128CA2200136257 = {
			isa = PBXGroup;
			children = (
				AE39CF292128CA2200136257 /* RedLight */,
				AE39CF282128CA2200136257 /* Products */,
				8FEE2877EB2797098FD8823B /* Pods */,
				77314FD15903FF8467BF40F7 /* Frameworks */,
			);
			sourceTree = "<group>";
		};
		AE39CF282128CA2200136257 /* Products */ = {
			isa = PBXGroup;
			children = (
				AE39CF272128CA2200136257 /* RedLight.app */,
			);
			name = Products;
			sourceTree = "<group>";
		};
		AE39CF292128CA2200136257 /* RedLight */ = {
			isa = PBXGroup;
			children = (
				AE39CF2A2128CA2200136257 /* AppDelegate.swift */,
				AE39CF422128F0D800136257 /* Service */,
				AE39CF3F2128F0B200136257 /* Model */,
				AE39CF412128F0D000136257 /* Controller */,
				AE39CF402128F0C900136257 /* View */,
				AE39CF312128CA2300136257 /* Assets.xcassets */,
				AE39CF362128CA2300136257 /* Info.plist */,
			);
			path = RedLight;
			sourceTree = "<group>";
		};
		AE39CF3F2128F0B200136257 /* Model */ = {
			isa = PBXGroup;
			children = (
				AE39CF3D2128EAF000136257 /* Tattooist.swift */,
				AE39CF60212909DE00136257 /* TattooistDetails.swift */,
			);
			path = Model;
			sourceTree = "<group>";
		};
		AE39CF402128F0C900136257 /* View */ = {
			isa = PBXGroup;
			children = (
				AE39CF52212905EA00136257 /* Onboard.storyboard */,
				AE39CF54212905FB00136257 /* Login.storyboard */,
				AE39CF562129060500136257 /* Home.storyboard */,
				AE39CF582129061900136257 /* TattooistProfile.storyboard */,
				AE39CF5A2129062200136257 /* Chat.storyboard */,
				AE39CF332128CA2300136257 /* LaunchScreen.storyboard */,
			);
			path = View;
			sourceTree = "<group>";
		};
		AE39CF412128F0D000136257 /* Controller */ = {
			isa = PBXGroup;
			children = (
			);
			path = Controller;
			sourceTree = "<group>";
		};
		AE39CF422128F0D800136257 /* Service */ = {
			isa = PBXGroup;
			children = (
				AE39CF5C2129069100136257 /* NetworkConnection.swift */,
				AE39CF5E212908AC00136257 /* Parser.swift */,
			);
			path = Service;
			sourceTree = "<group>";
		};
/* End PBXGroup section */

/* Begin PBXNativeTarget section */
		AE39CF262128CA2200136257 /* RedLight */ = {
			isa = PBXNativeTarget;
			buildConfigurationList = AE39CF392128CA2300136257 /* Build configuration list for PBXNativeTarget "RedLight" */;
			buildPhases = (
				BFAD566C3A09E07F800683DD /* [CP] Check Pods Manifest.lock */,
				AE39CF232128CA2200136257 /* Sources */,
				AE39CF242128CA2200136257 /* Frameworks */,
				AE39CF252128CA2200136257 /* Resources */,
				339448F908686CD76EDE999F /* [CP] Embed Pods Frameworks */,
				AE39CF3C2128CAC200136257 /* ShellScript */,
			);
			buildRules = (
			);
			dependencies = (
			);
			name = RedLight;
			productName = RedLight;
			productReference = AE39CF272128CA2200136257 /* RedLight.app */;
			productType = "com.apple.product-type.application";
		};
/* End PBXNativeTarget section */

/* Begin PBXProject section */
		AE39CF1F2128CA2200136257 /* Project object */ = {
			isa = PBXProject;
			attributes = {
				LastSwiftUpdateCheck = 0940;
				LastUpgradeCheck = 0940;
				ORGANIZATIONNAME = "Matheus Garcia";
				TargetAttributes = {
					AE39CF262128CA2200136257 = {
						CreatedOnToolsVersion = 9.4.1;
					};
				};
			};
			buildConfigurationList = AE39CF222128CA2200136257 /* Build configuration list for PBXProject "RedLight" */;
			compatibilityVersion = "Xcode 9.3";
			developmentRegion = en;
			hasScannedForEncodings = 0;
			knownRegions = (
				en,
				Base,
			);
			mainGroup = AE39CF1E2128CA2200136257;
			productRefGroup = AE39CF282128CA2200136257 /* Products */;
			projectDirPath = "";
			projectRoot = "";
			targets = (
				AE39CF262128CA2200136257 /* RedLight */,
			);
		};
/* End PBXProject section */

/* Begin PBXResourcesBuildPhase section */
		AE39CF252128CA2200136257 /* Resources */ = {
			isa = PBXResourcesBuildPhase;
			buildActionMask = 2147483647;
			files = (
				AE39CF5B2129062200136257 /* Chat.storyboard in Resources */,
				AE39CF55212905FB00136257 /* Login.storyboard in Resources */,
				AE39CF572129060500136257 /* Home.storyboard in Resources */,
				AE39CF592129061900136257 /* TattooistProfile.storyboard in Resources */,
				AE39CF352128CA2300136257 /* LaunchScreen.storyboard in Resources */,
				AE39CF53212905EA00136257 /* Onboard.storyboard in Resources */,
				AE39CF322128CA2300136257 /* Assets.xcassets in Resources */,
			);
			runOnlyForDeploymentPostprocessing = 0;
		};
/* End PBXResourcesBuildPhase section */

/* Begin PBXShellScriptBuildPhase section */
		339448F908686CD76EDE999F /* [CP] Embed Pods Frameworks */ = {
			isa = PBXShellScriptBuildPhase;
			buildActionMask = 2147483647;
			files = (
			);
			inputPaths = (
				"${SRCROOT}/Pods/Target Support Files/Pods-RedLight/Pods-RedLight-frameworks.sh",
				"${BUILT_PRODUCTS_DIR}/Alamofire/Alamofire.framework",
			);
			name = "[CP] Embed Pods Frameworks";
			outputPaths = (
				"${TARGET_BUILD_DIR}/${FRAMEWORKS_FOLDER_PATH}/Alamofire.framework",
			);
			runOnlyForDeploymentPostprocessing = 0;
			shellPath = /bin/sh;
			shellScript = "\"${SRCROOT}/Pods/Target Support Files/Pods-RedLight/Pods-RedLight-frameworks.sh\"\n";
			showEnvVarsInLog = 0;
		};
		AE39CF3C2128CAC200136257 /* ShellScript */ = {
			isa = PBXShellScriptBuildPhase;
			buildActionMask = 2147483647;
			files = (
			);
			inputPaths = (
			);
			outputPaths = (
			);
			runOnlyForDeploymentPostprocessing = 0;
			shellPath = /bin/sh;
			shellScript = "\"${PODS_ROOT}/SwiftLint/swiftlint\"";
		};
		BFAD566C3A09E07F800683DD /* [CP] Check Pods Manifest.lock */ = {
			isa = PBXShellScriptBuildPhase;
			buildActionMask = 2147483647;
			files = (
			);
			inputPaths = (
				"${PODS_PODFILE_DIR_PATH}/Podfile.lock",
				"${PODS_ROOT}/Manifest.lock",
			);
			name = "[CP] Check Pods Manifest.lock";
			outputPaths = (
				"$(DERIVED_FILE_DIR)/Pods-RedLight-checkManifestLockResult.txt",
			);
			runOnlyForDeploymentPostprocessing = 0;
			shellPath = /bin/sh;
			shellScript = "diff \"${PODS_PODFILE_DIR_PATH}/Podfile.lock\" \"${PODS_ROOT}/Manifest.lock\" > /dev/null\nif [ $? != 0 ] ; then\n    # print error to STDERR\n    echo \"error: The sandbox is not in sync with the Podfile.lock. Run 'pod install' or update your CocoaPods installation.\" >&2\n    exit 1\nfi\n# This output is used by Xcode 'outputs' to avoid re-running this script phase.\necho \"SUCCESS\" > \"${SCRIPT_OUTPUT_FILE_0}\"\n";
			showEnvVarsInLog = 0;
		};
/* End PBXShellScriptBuildPhase section */

/* Begin PBXSourcesBuildPhase section */
		AE39CF232128CA2200136257 /* Sources */ = {
			isa = PBXSourcesBuildPhase;
			buildActionMask = 2147483647;
			files = (
				AE39CF5F212908AC00136257 /* Parser.swift in Sources */,
				AE39CF2B2128CA2200136257 /* AppDelegate.swift in Sources */,
				AE39CF3E2128EAF000136257 /* Tattooist.swift in Sources */,
				AE39CF5D2129069100136257 /* NetworkConnection.swift in Sources */,
				AE39CF61212909DE00136257 /* TattooistDetails.swift in Sources */,
			);
			runOnlyForDeploymentPostprocessing = 0;
		};
/* End PBXSourcesBuildPhase section */

/* Begin PBXVariantGroup section */
		AE39CF332128CA2300136257 /* LaunchScreen.storyboard */ = {
			isa = PBXVariantGroup;
			children = (
				AE39CF342128CA2300136257 /* Base */,
			);
			name = LaunchScreen.storyboard;
			sourceTree = "<group>";
		};
/* End PBXVariantGroup section */

/* Begin XCBuildConfiguration section */
		AE39CF372128CA2300136257 /* Debug */ = {
			isa = XCBuildConfiguration;
			buildSettings = {
				ALWAYS_SEARCH_USER_PATHS = NO;
				CLANG_ANALYZER_NONNULL = YES;
				CLANG_ANALYZER_NUMBER_OBJECT_CONVERSION = YES_AGGRESSIVE;
				CLANG_CXX_LANGUAGE_STANDARD = "gnu++14";
				CLANG_CXX_LIBRARY = "libc++";
				CLANG_ENABLE_MODULES = YES;
				CLANG_ENABLE_OBJC_ARC = YES;
				CLANG_ENABLE_OBJC_WEAK = YES;
				CLANG_WARN_BLOCK_CAPTURE_AUTORELEASING = YES;
				CLANG_WARN_BOOL_CONVERSION = YES;
				CLANG_WARN_COMMA = YES;
				CLANG_WARN_CONSTANT_CONVERSION = YES;
				CLANG_WARN_DEPRECATED_OBJC_IMPLEMENTATIONS = YES;
				CLANG_WARN_DIRECT_OBJC_ISA_USAGE = YES_ERROR;
				CLANG_WARN_DOCUMENTATION_COMMENTS = YES;
				CLANG_WARN_EMPTY_BODY = YES;
				CLANG_WARN_ENUM_CONVERSION = YES;
				CLANG_WARN_INFINITE_RECURSION = YES;
				CLANG_WARN_INT_CONVERSION = YES;
				CLANG_WARN_NON_LITERAL_NULL_CONVERSION = YES;
				CLANG_WARN_OBJC_IMPLICIT_RETAIN_SELF = YES;
				CLANG_WARN_OBJC_LITERAL_CONVERSION = YES;
				CLANG_WARN_OBJC_ROOT_CLASS = YES_ERROR;
				CLANG_WARN_RANGE_LOOP_ANALYSIS = YES;
				CLANG_WARN_STRICT_PROTOTYPES = YES;
				CLANG_WARN_SUSPICIOUS_MOVE = YES;
				CLANG_WARN_UNGUARDED_AVAILABILITY = YES_AGGRESSIVE;
				CLANG_WARN_UNREACHABLE_CODE = YES;
				CLANG_WARN__DUPLICATE_METHOD_MATCH = YES;
				CODE_SIGN_IDENTITY = "iPhone Developer";
				COPY_PHASE_STRIP = NO;
				DEBUG_INFORMATION_FORMAT = dwarf;
				ENABLE_STRICT_OBJC_MSGSEND = YES;
				ENABLE_TESTABILITY = YES;
				GCC_C_LANGUAGE_STANDARD = gnu11;
				GCC_DYNAMIC_NO_PIC = NO;
				GCC_NO_COMMON_BLOCKS = YES;
				GCC_OPTIMIZATION_LEVEL = 0;
				GCC_PREPROCESSOR_DEFINITIONS = (
					"DEBUG=1",
					"$(inherited)",
				);
				GCC_WARN_64_TO_32_BIT_CONVERSION = YES;
				GCC_WARN_ABOUT_RETURN_TYPE = YES_ERROR;
				GCC_WARN_UNDECLARED_SELECTOR = YES;
				GCC_WARN_UNINITIALIZED_AUTOS = YES_AGGRESSIVE;
				GCC_WARN_UNUSED_FUNCTION = YES;
				GCC_WARN_UNUSED_VARIABLE = YES;
				IPHONEOS_DEPLOYMENT_TARGET = 11.4;
				MTL_ENABLE_DEBUG_INFO = YES;
				ONLY_ACTIVE_ARCH = YES;
				SDKROOT = iphoneos;
				SWIFT_ACTIVE_COMPILATION_CONDITIONS = DEBUG;
				SWIFT_OPTIMIZATION_LEVEL = "-Onone";
			};
			name = Debug;
		};
		AE39CF382128CA2300136257 /* Release */ = {
			isa = XCBuildConfiguration;
			buildSettings = {
				ALWAYS_SEARCH_USER_PATHS = NO;
				CLANG_ANALYZER_NONNULL = YES;
				CLANG_ANALYZER_NUMBER_OBJECT_CONVERSION = YES_AGGRESSIVE;
				CLANG_CXX_LANGUAGE_STANDARD = "gnu++14";
				CLANG_CXX_LIBRARY = "libc++";
				CLANG_ENABLE_MODULES = YES;
				CLANG_ENABLE_OBJC_ARC = YES;
				CLANG_ENABLE_OBJC_WEAK = YES;
				CLANG_WARN_BLOCK_CAPTURE_AUTORELEASING = YES;
				CLANG_WARN_BOOL_CONVERSION = YES;
				CLANG_WARN_COMMA = YES;
				CLANG_WARN_CONSTANT_CONVERSION = YES;
				CLANG_WARN_DEPRECATED_OBJC_IMPLEMENTATIONS = YES;
				CLANG_WARN_DIRECT_OBJC_ISA_USAGE = YES_ERROR;
				CLANG_WARN_DOCUMENTATION_COMMENTS = YES;
				CLANG_WARN_EMPTY_BODY = YES;
				CLANG_WARN_ENUM_CONVERSION = YES;
				CLANG_WARN_INFINITE_RECURSION = YES;
				CLANG_WARN_INT_CONVERSION = YES;
				CLANG_WARN_NON_LITERAL_NULL_CONVERSION = YES;
				CLANG_WARN_OBJC_IMPLICIT_RETAIN_SELF = YES;
				CLANG_WARN_OBJC_LITERAL_CONVERSION = YES;
				CLANG_WARN_OBJC_ROOT_CLASS = YES_ERROR;
				CLANG_WARN_RANGE_LOOP_ANALYSIS = YES;
				CLANG_WARN_STRICT_PROTOTYPES = YES;
				CLANG_WARN_SUSPICIOUS_MOVE = YES;
				CLANG_WARN_UNGUARDED_AVAILABILITY = YES_AGGRESSIVE;
				CLANG_WARN_UNREACHABLE_CODE = YES;
				CLANG_WARN__DUPLICATE_METHOD_MATCH = YES;
				CODE_SIGN_IDENTITY = "iPhone Developer";
				COPY_PHASE_STRIP = NO;
				DEBUG_INFORMATION_FORMAT = "dwarf-with-dsym";
				ENABLE_NS_ASSERTIONS = NO;
				ENABLE_STRICT_OBJC_MSGSEND = YES;
				GCC_C_LANGUAGE_STANDARD = gnu11;
				GCC_NO_COMMON_BLOCKS = YES;
				GCC_WARN_64_TO_32_BIT_CONVERSION = YES;
				GCC_WARN_ABOUT_RETURN_TYPE = YES_ERROR;
				GCC_WARN_UNDECLARED_SELECTOR = YES;
				GCC_WARN_UNINITIALIZED_AUTOS = YES_AGGRESSIVE;
				GCC_WARN_UNUSED_FUNCTION = YES;
				GCC_WARN_UNUSED_VARIABLE = YES;
				IPHONEOS_DEPLOYMENT_TARGET = 11.4;
				MTL_ENABLE_DEBUG_INFO = NO;
				SDKROOT = iphoneos;
				SWIFT_COMPILATION_MODE = wholemodule;
				SWIFT_OPTIMIZATION_LEVEL = "-O";
				VALIDATE_PRODUCT = YES;
			};
			name = Release;
		};
		AE39CF3A2128CA2300136257 /* Debug */ = {
			isa = XCBuildConfiguration;
			baseConfigurationReference = 8C9A6996D9AAE2F178473C4F /* Pods-RedLight.debug.xcconfig */;
			buildSettings = {
				ASSETCATALOG_COMPILER_APPICON_NAME = AppIcon;
				CODE_SIGN_STYLE = Automatic;
				DEVELOPMENT_TEAM = 3W69VTQXGX;
				INFOPLIST_FILE = RedLight/Info.plist;
				LD_RUNPATH_SEARCH_PATHS = (
					"$(inherited)",
					"@executable_path/Frameworks",
				);
				PRODUCT_BUNDLE_IDENTIFIER = com.MatheusPGarcia.RedLight;
				PRODUCT_NAME = "$(TARGET_NAME)";
				SWIFT_VERSION = 4.0;
				TARGETED_DEVICE_FAMILY = "1,2";
			};
			name = Debug;
		};
		AE39CF3B2128CA2300136257 /* Release */ = {
			isa = XCBuildConfiguration;
			baseConfigurationReference = 3E6B1C05C01D472D8C425A3B /* Pods-RedLight.release.xcconfig */;
			buildSettings = {
				ASSETCATALOG_COMPILER_APPICON_NAME = AppIcon;
				CODE_SIGN_STYLE = Automatic;
				DEVELOPMENT_TEAM = 3W69VTQXGX;
				INFOPLIST_FILE = RedLight/Info.plist;
				LD_RUNPATH_SEARCH_PATHS = (
					"$(inherited)",
					"@executable_path/Frameworks",
				);
				PRODUCT_BUNDLE_IDENTIFIER = com.MatheusPGarcia.RedLight;
				PRODUCT_NAME = "$(TARGET_NAME)";
				SWIFT_VERSION = 4.0;
				TARGETED_DEVICE_FAMILY = "1,2";
			};
			name = Release;
		};
/* End XCBuildConfiguration section */

/* Begin XCConfigurationList section */
		AE39CF222128CA2200136257 /* Build configuration list for PBXProject "RedLight" */ = {
			isa = XCConfigurationList;
			buildConfigurations = (
				AE39CF372128CA2300136257 /* Debug */,
				AE39CF382128CA2300136257 /* Release */,
			);
			defaultConfigurationIsVisible = 0;
			defaultConfigurationName = Release;
		};
		AE39CF392128CA2300136257 /* Build configuration list for PBXNativeTarget "RedLight" */ = {
			isa = XCConfigurationList;
			buildConfigurations = (
				AE39CF3A2128CA2300136257 /* Debug */,
				AE39CF3B2128CA2300136257 /* Release */,
			);
			defaultConfigurationIsVisible = 0;
			defaultConfigurationName = Release;
		};
/* End XCConfigurationList section */
	};
	rootObject = AE39CF1F2128CA2200136257 /* Project object */;
}
